// !$*UTF8*$!
{
	archiveVersion = 1;
	classes = {
	};
	objectVersion = 55;
	objects = {

/* Begin PBXBuildFile section */
		91D647BC281F84AC0019700A /* Constants.swift in Sources */ = {isa = PBXBuildFile; fileRef = 91D647BB281F84AC0019700A /* Constants.swift */; };
		91E20EE4281D44D200401AAB /* AppDelegate.swift in Sources */ = {isa = PBXBuildFile; fileRef = 91E20EE3281D44D200401AAB /* AppDelegate.swift */; };
		91E20EE6281D44D200401AAB /* SceneDelegate.swift in Sources */ = {isa = PBXBuildFile; fileRef = 91E20EE5281D44D200401AAB /* SceneDelegate.swift */; };
		91E20EE8281D44D200401AAB /* ViewController.swift in Sources */ = {isa = PBXBuildFile; fileRef = 91E20EE7281D44D200401AAB /* ViewController.swift */; };
		91E20EEB281D44D200401AAB /* Main.storyboard in Resources */ = {isa = PBXBuildFile; fileRef = 91E20EE9281D44D200401AAB /* Main.storyboard */; };
		91E20EED281D44D500401AAB /* Assets.xcassets in Resources */ = {isa = PBXBuildFile; fileRef = 91E20EEC281D44D500401AAB /* Assets.xcassets */; };
		91E20EF0281D44D500401AAB /* LaunchScreen.storyboard in Resources */ = {isa = PBXBuildFile; fileRef = 91E20EEE281D44D500401AAB /* LaunchScreen.storyboard */; };
		91E20EFB281D44D500401AAB /* CurrencyConverterAppTests.swift in Sources */ = {isa = PBXBuildFile; fileRef = 91E20EFA281D44D500401AAB /* CurrencyConverterAppTests.swift */; };
		91E20F05281D44D500401AAB /* CurrencyConverterAppUITests.swift in Sources */ = {isa = PBXBuildFile; fileRef = 91E20F04281D44D500401AAB /* CurrencyConverterAppUITests.swift */; };
		91E20F07281D44D500401AAB /* CurrencyConverterAppUITestsLaunchTests.swift in Sources */ = {isa = PBXBuildFile; fileRef = 91E20F06281D44D500401AAB /* CurrencyConverterAppUITestsLaunchTests.swift */; };
		91E20F1E281D4D2E00401AAB /* BaseViewController.swift in Sources */ = {isa = PBXBuildFile; fileRef = 91E20F1D281D4D2E00401AAB /* BaseViewController.swift */; };
		91E20F20281D4D6000401AAB /* NetworkManger.swift in Sources */ = {isa = PBXBuildFile; fileRef = 91E20F1F281D4D5F00401AAB /* NetworkManger.swift */; };
		91F824DB281E34970068A157 /* PickerTextField.swift in Sources */ = {isa = PBXBuildFile; fileRef = 91F824CF281E34970068A157 /* PickerTextField.swift */; };
		91F824DC281E34970068A157 /* OtherCurrencyDataTableViewCell.swift in Sources */ = {isa = PBXBuildFile; fileRef = 91F824D1281E34970068A157 /* OtherCurrencyDataTableViewCell.swift */; };
		91F824DD281E34970068A157 /* OtherCurrencyDataTableViewCell.xib in Resources */ = {isa = PBXBuildFile; fileRef = 91F824D2281E34970068A157 /* OtherCurrencyDataTableViewCell.xib */; };
		91F824DE281E34970068A157 /* HistoricalDataTableViewCell.xib in Resources */ = {isa = PBXBuildFile; fileRef = 91F824D4281E34970068A157 /* HistoricalDataTableViewCell.xib */; };
		91F824DF281E34970068A157 /* HistoricalDataTableViewCell.swift in Sources */ = {isa = PBXBuildFile; fileRef = 91F824D5281E34970068A157 /* HistoricalDataTableViewCell.swift */; };
		91F824E0281E34970068A157 /* ProgressLoading.xib in Resources */ = {isa = PBXBuildFile; fileRef = 91F824D7281E34970068A157 /* ProgressLoading.xib */; };
		91F824E1281E34970068A157 /* AnimatedLoadingView.swift in Sources */ = {isa = PBXBuildFile; fileRef = 91F824D8281E34970068A157 /* AnimatedLoadingView.swift */; };
		91F824E2281E34970068A157 /* ProgressLoadingViewable.swift in Sources */ = {isa = PBXBuildFile; fileRef = 91F824D9281E34970068A157 /* ProgressLoadingViewable.swift */; };
		91F824E3281E34970068A157 /* ProgressLoadingView.swift in Sources */ = {isa = PBXBuildFile; fileRef = 91F824DA281E34970068A157 /* ProgressLoadingView.swift */; };
		91F824E8281E34DA0068A157 /* CurrencyDataTableViewController.swift in Sources */ = {isa = PBXBuildFile; fileRef = 91F824E5281E34DA0068A157 /* CurrencyDataTableViewController.swift */; };
		91F824E9281E34DA0068A157 /* ConvertCurrencyViewController.swift in Sources */ = {isa = PBXBuildFile; fileRef = 91F824E6281E34DA0068A157 /* ConvertCurrencyViewController.swift */; };
		91F824EA281E34DA0068A157 /* CurrencyDetailsViewController.swift in Sources */ = {isa = PBXBuildFile; fileRef = 91F824E7281E34DA0068A157 /* CurrencyDetailsViewController.swift */; };
		91F824F1281E351D0068A157 /* HistoricalDataModel.swift in Sources */ = {isa = PBXBuildFile; fileRef = 91F824EC281E351D0068A157 /* HistoricalDataModel.swift */; };
		91F824F2281E351D0068A157 /* CurrencyModel.swift in Sources */ = {isa = PBXBuildFile; fileRef = 91F824ED281E351D0068A157 /* CurrencyModel.swift */; };
		91F824F3281E351D0068A157 /* ConvertCurrencyViewModel.swift in Sources */ = {isa = PBXBuildFile; fileRef = 91F824EF281E351D0068A157 /* ConvertCurrencyViewModel.swift */; };
		91F824F4281E351D0068A157 /* CurrencyDetailsViewModel.swift in Sources */ = {isa = PBXBuildFile; fileRef = 91F824F0281E351D0068A157 /* CurrencyDetailsViewModel.swift */; };
		91F824F7281E35AF0068A157 /* Localizable.strings in Resources */ = {isa = PBXBuildFile; fileRef = 91F824F9281E35AF0068A157 /* Localizable.strings */; };
		AB82B78099863ECC5AC2FEBE /* Pods_CurrencyConverterAppTests.framework in Frameworks */ = {isa = PBXBuildFile; fileRef = 7A1C8D34B97821F8765696FC /* Pods_CurrencyConverterAppTests.framework */; };
		ACC065D11C6BDC04DA9FD4D8 /* Pods_CurrencyConverterApp_CurrencyConverterAppUITests.framework in Frameworks */ = {isa = PBXBuildFile; fileRef = FEBA69FBBE20EDC9363786A8 /* Pods_CurrencyConverterApp_CurrencyConverterAppUITests.framework */; };
		CE5AC2D947BD2E1A896D070E /* Pods_CurrencyConverterApp.framework in Frameworks */ = {isa = PBXBuildFile; fileRef = 58BAF6442EB78BCCF1BF28FB /* Pods_CurrencyConverterApp.framework */; };
/* End PBXBuildFile section */

/* Begin PBXContainerItemProxy section */
		91E20EF7281D44D500401AAB /* PBXContainerItemProxy */ = {
			isa = PBXContainerItemProxy;
			containerPortal = 91E20ED8281D44D200401AAB /* Project object */;
			proxyType = 1;
			remoteGlobalIDString = 91E20EDF281D44D200401AAB;
			remoteInfo = CurrencyConverterApp;
		};
		91E20F01281D44D500401AAB /* PBXContainerItemProxy */ = {
			isa = PBXContainerItemProxy;
			containerPortal = 91E20ED8281D44D200401AAB /* Project object */;
			proxyType = 1;
			remoteGlobalIDString = 91E20EDF281D44D200401AAB;
			remoteInfo = CurrencyConverterApp;
		};
/* End PBXContainerItemProxy section */

/* Begin PBXFileReference section */
		3E4D2AD6B2CD0C0434455611 /* Pods-CurrencyConverterApp.release.xcconfig */ = {isa = PBXFileReference; includeInIndex = 1; lastKnownFileType = text.xcconfig; name = "Pods-CurrencyConverterApp.release.xcconfig"; path = "Target Support Files/Pods-CurrencyConverterApp/Pods-CurrencyConverterApp.release.xcconfig"; sourceTree = "<group>"; };
		58BAF6442EB78BCCF1BF28FB /* Pods_CurrencyConverterApp.framework */ = {isa = PBXFileReference; explicitFileType = wrapper.framework; includeInIndex = 0; path = Pods_CurrencyConverterApp.framework; sourceTree = BUILT_PRODUCTS_DIR; };
		7A1C8D34B97821F8765696FC /* Pods_CurrencyConverterAppTests.framework */ = {isa = PBXFileReference; explicitFileType = wrapper.framework; includeInIndex = 0; path = Pods_CurrencyConverterAppTests.framework; sourceTree = BUILT_PRODUCTS_DIR; };
		804AFAA92C3EE32547612E43 /* Pods-CurrencyConverterApp.debug.xcconfig */ = {isa = PBXFileReference; includeInIndex = 1; lastKnownFileType = text.xcconfig; name = "Pods-CurrencyConverterApp.debug.xcconfig"; path = "Target Support Files/Pods-CurrencyConverterApp/Pods-CurrencyConverterApp.debug.xcconfig"; sourceTree = "<group>"; };
		89B3363935B19A07B6633A2A /* Pods-CurrencyConverterApp-CurrencyConverterAppUITests.debug.xcconfig */ = {isa = PBXFileReference; includeInIndex = 1; lastKnownFileType = text.xcconfig; name = "Pods-CurrencyConverterApp-CurrencyConverterAppUITests.debug.xcconfig"; path = "Target Support Files/Pods-CurrencyConverterApp-CurrencyConverterAppUITests/Pods-CurrencyConverterApp-CurrencyConverterAppUITests.debug.xcconfig"; sourceTree = "<group>"; };
		8A84BC64C4423070F5AC9B94 /* Pods-CurrencyConverterApp-CurrencyConverterAppUITests.release.xcconfig */ = {isa = PBXFileReference; includeInIndex = 1; lastKnownFileType = text.xcconfig; name = "Pods-CurrencyConverterApp-CurrencyConverterAppUITests.release.xcconfig"; path = "Target Support Files/Pods-CurrencyConverterApp-CurrencyConverterAppUITests/Pods-CurrencyConverterApp-CurrencyConverterAppUITests.release.xcconfig"; sourceTree = "<group>"; };
		91D647BB281F84AC0019700A /* Constants.swift */ = {isa = PBXFileReference; lastKnownFileType = sourcecode.swift; path = Constants.swift; sourceTree = "<group>"; };
		91E20EE0281D44D200401AAB /* CurrencyConverterApp.app */ = {isa = PBXFileReference; explicitFileType = wrapper.application; includeInIndex = 0; path = CurrencyConverterApp.app; sourceTree = BUILT_PRODUCTS_DIR; };
		91E20EE3281D44D200401AAB /* AppDelegate.swift */ = {isa = PBXFileReference; lastKnownFileType = sourcecode.swift; path = AppDelegate.swift; sourceTree = "<group>"; };
		91E20EE5281D44D200401AAB /* SceneDelegate.swift */ = {isa = PBXFileReference; lastKnownFileType = sourcecode.swift; path = SceneDelegate.swift; sourceTree = "<group>"; };
		91E20EE7281D44D200401AAB /* ViewController.swift */ = {isa = PBXFileReference; lastKnownFileType = sourcecode.swift; path = ViewController.swift; sourceTree = "<group>"; };
		91E20EEA281D44D200401AAB /* Base */ = {isa = PBXFileReference; lastKnownFileType = file.storyboard; name = Base; path = Base.lproj/Main.storyboard; sourceTree = "<group>"; };
		91E20EEC281D44D500401AAB /* Assets.xcassets */ = {isa = PBXFileReference; lastKnownFileType = folder.assetcatalog; path = Assets.xcassets; sourceTree = "<group>"; };
		91E20EEF281D44D500401AAB /* Base */ = {isa = PBXFileReference; lastKnownFileType = file.storyboard; name = Base; path = Base.lproj/LaunchScreen.storyboard; sourceTree = "<group>"; };
		91E20EF1281D44D500401AAB /* Info.plist */ = {isa = PBXFileReference; lastKnownFileType = text.plist.xml; path = Info.plist; sourceTree = "<group>"; };
		91E20EF6281D44D500401AAB /* CurrencyConverterAppTests.xctest */ = {isa = PBXFileReference; explicitFileType = wrapper.cfbundle; includeInIndex = 0; path = CurrencyConverterAppTests.xctest; sourceTree = BUILT_PRODUCTS_DIR; };
		91E20EFA281D44D500401AAB /* CurrencyConverterAppTests.swift */ = {isa = PBXFileReference; lastKnownFileType = sourcecode.swift; path = CurrencyConverterAppTests.swift; sourceTree = "<group>"; };
		91E20F00281D44D500401AAB /* CurrencyConverterAppUITests.xctest */ = {isa = PBXFileReference; explicitFileType = wrapper.cfbundle; includeInIndex = 0; path = CurrencyConverterAppUITests.xctest; sourceTree = BUILT_PRODUCTS_DIR; };
		91E20F04281D44D500401AAB /* CurrencyConverterAppUITests.swift */ = {isa = PBXFileReference; lastKnownFileType = sourcecode.swift; path = CurrencyConverterAppUITests.swift; sourceTree = "<group>"; };
		91E20F06281D44D500401AAB /* CurrencyConverterAppUITestsLaunchTests.swift */ = {isa = PBXFileReference; lastKnownFileType = sourcecode.swift; path = CurrencyConverterAppUITestsLaunchTests.swift; sourceTree = "<group>"; };
		91E20F1D281D4D2E00401AAB /* BaseViewController.swift */ = {isa = PBXFileReference; lastKnownFileType = sourcecode.swift; path = BaseViewController.swift; sourceTree = "<group>"; };
		91E20F1F281D4D5F00401AAB /* NetworkManger.swift */ = {isa = PBXFileReference; lastKnownFileType = sourcecode.swift; path = NetworkManger.swift; sourceTree = "<group>"; };
		91E20F21281D4DE200401AAB /* Environment.xcconfig */ = {isa = PBXFileReference; lastKnownFileType = text.xcconfig; path = Environment.xcconfig; sourceTree = "<group>"; };
		91F824CF281E34970068A157 /* PickerTextField.swift */ = {isa = PBXFileReference; fileEncoding = 4; lastKnownFileType = sourcecode.swift; path = PickerTextField.swift; sourceTree = "<group>"; };
		91F824D1281E34970068A157 /* OtherCurrencyDataTableViewCell.swift */ = {isa = PBXFileReference; fileEncoding = 4; lastKnownFileType = sourcecode.swift; path = OtherCurrencyDataTableViewCell.swift; sourceTree = "<group>"; };
		91F824D2281E34970068A157 /* OtherCurrencyDataTableViewCell.xib */ = {isa = PBXFileReference; fileEncoding = 4; lastKnownFileType = file.xib; path = OtherCurrencyDataTableViewCell.xib; sourceTree = "<group>"; };
		91F824D4281E34970068A157 /* HistoricalDataTableViewCell.xib */ = {isa = PBXFileReference; fileEncoding = 4; lastKnownFileType = file.xib; path = HistoricalDataTableViewCell.xib; sourceTree = "<group>"; };
		91F824D5281E34970068A157 /* HistoricalDataTableViewCell.swift */ = {isa = PBXFileReference; fileEncoding = 4; lastKnownFileType = sourcecode.swift; path = HistoricalDataTableViewCell.swift; sourceTree = "<group>"; };
		91F824D7281E34970068A157 /* ProgressLoading.xib */ = {isa = PBXFileReference; fileEncoding = 4; lastKnownFileType = file.xib; path = ProgressLoading.xib; sourceTree = "<group>"; };
		91F824D8281E34970068A157 /* AnimatedLoadingView.swift */ = {isa = PBXFileReference; fileEncoding = 4; lastKnownFileType = sourcecode.swift; path = AnimatedLoadingView.swift; sourceTree = "<group>"; };
		91F824D9281E34970068A157 /* ProgressLoadingViewable.swift */ = {isa = PBXFileReference; fileEncoding = 4; lastKnownFileType = sourcecode.swift; path = ProgressLoadingViewable.swift; sourceTree = "<group>"; };
		91F824DA281E34970068A157 /* ProgressLoadingView.swift */ = {isa = PBXFileReference; fileEncoding = 4; lastKnownFileType = sourcecode.swift; path = ProgressLoadingView.swift; sourceTree = "<group>"; };
		91F824E5281E34DA0068A157 /* CurrencyDataTableViewController.swift */ = {isa = PBXFileReference; fileEncoding = 4; lastKnownFileType = sourcecode.swift; path = CurrencyDataTableViewController.swift; sourceTree = "<group>"; };
		91F824E6281E34DA0068A157 /* ConvertCurrencyViewController.swift */ = {isa = PBXFileReference; fileEncoding = 4; lastKnownFileType = sourcecode.swift; path = ConvertCurrencyViewController.swift; sourceTree = "<group>"; };
		91F824E7281E34DA0068A157 /* CurrencyDetailsViewController.swift */ = {isa = PBXFileReference; fileEncoding = 4; lastKnownFileType = sourcecode.swift; path = CurrencyDetailsViewController.swift; sourceTree = "<group>"; };
		91F824EC281E351D0068A157 /* HistoricalDataModel.swift */ = {isa = PBXFileReference; fileEncoding = 4; lastKnownFileType = sourcecode.swift; path = HistoricalDataModel.swift; sourceTree = "<group>"; };
		91F824ED281E351D0068A157 /* CurrencyModel.swift */ = {isa = PBXFileReference; fileEncoding = 4; lastKnownFileType = sourcecode.swift; path = CurrencyModel.swift; sourceTree = "<group>"; };
		91F824EF281E351D0068A157 /* ConvertCurrencyViewModel.swift */ = {isa = PBXFileReference; fileEncoding = 4; lastKnownFileType = sourcecode.swift; path = ConvertCurrencyViewModel.swift; sourceTree = "<group>"; };
		91F824F0281E351D0068A157 /* CurrencyDetailsViewModel.swift */ = {isa = PBXFileReference; fileEncoding = 4; lastKnownFileType = sourcecode.swift; path = CurrencyDetailsViewModel.swift; sourceTree = "<group>"; };
		91F824F8281E35AF0068A157 /* en */ = {isa = PBXFileReference; lastKnownFileType = text.plist.strings; name = en; path = en.lproj/Localizable.strings; sourceTree = "<group>"; };
		B2F1FB4E316F4CD023871ABD /* Pods-CurrencyConverterAppTests.release.xcconfig */ = {isa = PBXFileReference; includeInIndex = 1; lastKnownFileType = text.xcconfig; name = "Pods-CurrencyConverterAppTests.release.xcconfig"; path = "Target Support Files/Pods-CurrencyConverterAppTests/Pods-CurrencyConverterAppTests.release.xcconfig"; sourceTree = "<group>"; };
		BEAB79651259606827E7881D /* Pods-CurrencyConverterAppTests.debug.xcconfig */ = {isa = PBXFileReference; includeInIndex = 1; lastKnownFileType = text.xcconfig; name = "Pods-CurrencyConverterAppTests.debug.xcconfig"; path = "Target Support Files/Pods-CurrencyConverterAppTests/Pods-CurrencyConverterAppTests.debug.xcconfig"; sourceTree = "<group>"; };
		FEBA69FBBE20EDC9363786A8 /* Pods_CurrencyConverterApp_CurrencyConverterAppUITests.framework */ = {isa = PBXFileReference; explicitFileType = wrapper.framework; includeInIndex = 0; path = Pods_CurrencyConverterApp_CurrencyConverterAppUITests.framework; sourceTree = BUILT_PRODUCTS_DIR; };
/* End PBXFileReference section */

/* Begin PBXFrameworksBuildPhase section */
		91E20EDD281D44D200401AAB /* Frameworks */ = {
			isa = PBXFrameworksBuildPhase;
			buildActionMask = 2147483647;
			files = (
				CE5AC2D947BD2E1A896D070E /* Pods_CurrencyConverterApp.framework in Frameworks */,
			);
			runOnlyForDeploymentPostprocessing = 0;
		};
		91E20EF3281D44D500401AAB /* Frameworks */ = {
			isa = PBXFrameworksBuildPhase;
			buildActionMask = 2147483647;
			files = (
				AB82B78099863ECC5AC2FEBE /* Pods_CurrencyConverterAppTests.framework in Frameworks */,
			);
			runOnlyForDeploymentPostprocessing = 0;
		};
		91E20EFD281D44D500401AAB /* Frameworks */ = {
			isa = PBXFrameworksBuildPhase;
			buildActionMask = 2147483647;
			files = (
				ACC065D11C6BDC04DA9FD4D8 /* Pods_CurrencyConverterApp_CurrencyConverterAppUITests.framework in Frameworks */,
			);
			runOnlyForDeploymentPostprocessing = 0;
		};
/* End PBXFrameworksBuildPhase section */

/* Begin PBXGroup section */
		7394C14B931A5935C62BC953 /* Frameworks */ = {
			isa = PBXGroup;
			children = (
				58BAF6442EB78BCCF1BF28FB /* Pods_CurrencyConverterApp.framework */,
				FEBA69FBBE20EDC9363786A8 /* Pods_CurrencyConverterApp_CurrencyConverterAppUITests.framework */,
				7A1C8D34B97821F8765696FC /* Pods_CurrencyConverterAppTests.framework */,
			);
			name = Frameworks;
			sourceTree = "<group>";
		};
		91E20ED7281D44D200401AAB = {
			isa = PBXGroup;
			children = (
				91E20EE2281D44D200401AAB /* CurrencyConverterApp */,
				91E20EF9281D44D500401AAB /* CurrencyConverterAppTests */,
				91E20F03281D44D500401AAB /* CurrencyConverterAppUITests */,
				91E20EE1281D44D200401AAB /* Products */,
				AD435B0DDD3FA0CAED5069C5 /* Pods */,
				7394C14B931A5935C62BC953 /* Frameworks */,
			);
			sourceTree = "<group>";
		};
		91E20EE1281D44D200401AAB /* Products */ = {
			isa = PBXGroup;
			children = (
				91E20EE0281D44D200401AAB /* CurrencyConverterApp.app */,
				91E20EF6281D44D500401AAB /* CurrencyConverterAppTests.xctest */,
				91E20F00281D44D500401AAB /* CurrencyConverterAppUITests.xctest */,
			);
			name = Products;
			sourceTree = "<group>";
		};
		91E20EE2281D44D200401AAB /* CurrencyConverterApp */ = {
			isa = PBXGroup;
			children = (
				91F824EB281E351D0068A157 /* Model */,
				91F824EE281E351D0068A157 /* ViewModel */,
				91F824E4281E34DA0068A157 /* Controllers */,
				91E20F1A281D4CD800401AAB /* HelperFiles */,
				91E20EE3281D44D200401AAB /* AppDelegate.swift */,
				91E20EE5281D44D200401AAB /* SceneDelegate.swift */,
				91E20EE7281D44D200401AAB /* ViewController.swift */,
				91E20EE9281D44D200401AAB /* Main.storyboard */,
				91E20EEC281D44D500401AAB /* Assets.xcassets */,
				91E20EEE281D44D500401AAB /* LaunchScreen.storyboard */,
				91E20EF1281D44D500401AAB /* Info.plist */,
				91E20F21281D4DE200401AAB /* Environment.xcconfig */,
				91F824F9281E35AF0068A157 /* Localizable.strings */,
			);
			path = CurrencyConverterApp;
			sourceTree = "<group>";
		};
		91E20EF9281D44D500401AAB /* CurrencyConverterAppTests */ = {
			isa = PBXGroup;
			children = (
				91E20EFA281D44D500401AAB /* CurrencyConverterAppTests.swift */,
			);
			path = CurrencyConverterAppTests;
			sourceTree = "<group>";
		};
		91E20F03281D44D500401AAB /* CurrencyConverterAppUITests */ = {
			isa = PBXGroup;
			children = (
				91E20F04281D44D500401AAB /* CurrencyConverterAppUITests.swift */,
				91E20F06281D44D500401AAB /* CurrencyConverterAppUITestsLaunchTests.swift */,
			);
			path = CurrencyConverterAppUITests;
			sourceTree = "<group>";
		};
		91E20F1A281D4CD800401AAB /* HelperFiles */ = {
			isa = PBXGroup;
			children = (
				91F824D3281E34970068A157 /* HistoricalDataTableViewFiles */,
				91F824D6281E34970068A157 /* LoadingIndicator */,
				91F824D0281E34970068A157 /* OtherCurrencyTableViewFiles */,
				91F824CF281E34970068A157 /* PickerTextField.swift */,
				91E20F1D281D4D2E00401AAB /* BaseViewController.swift */,
				91E20F1F281D4D5F00401AAB /* NetworkManger.swift */,
				91D647BB281F84AC0019700A /* Constants.swift */,
			);
			path = HelperFiles;
			sourceTree = "<group>";
		};
		91F824D0281E34970068A157 /* OtherCurrencyTableViewFiles */ = {
			isa = PBXGroup;
			children = (
				91F824D1281E34970068A157 /* OtherCurrencyDataTableViewCell.swift */,
				91F824D2281E34970068A157 /* OtherCurrencyDataTableViewCell.xib */,
			);
			path = OtherCurrencyTableViewFiles;
			sourceTree = "<group>";
		};
		91F824D3281E34970068A157 /* HistoricalDataTableViewFiles */ = {
			isa = PBXGroup;
			children = (
				91F824D4281E34970068A157 /* HistoricalDataTableViewCell.xib */,
				91F824D5281E34970068A157 /* HistoricalDataTableViewCell.swift */,
			);
			path = HistoricalDataTableViewFiles;
			sourceTree = "<group>";
		};
		91F824D6281E34970068A157 /* LoadingIndicator */ = {
			isa = PBXGroup;
			children = (
				91F824D7281E34970068A157 /* ProgressLoading.xib */,
				91F824D8281E34970068A157 /* AnimatedLoadingView.swift */,
				91F824D9281E34970068A157 /* ProgressLoadingViewable.swift */,
				91F824DA281E34970068A157 /* ProgressLoadingView.swift */,
			);
			path = LoadingIndicator;
			sourceTree = "<group>";
		};
		91F824E4281E34DA0068A157 /* Controllers */ = {
			isa = PBXGroup;
			children = (
				91F824E5281E34DA0068A157 /* CurrencyDataTableViewController.swift */,
				91F824E6281E34DA0068A157 /* ConvertCurrencyViewController.swift */,
				91F824E7281E34DA0068A157 /* CurrencyDetailsViewController.swift */,
			);
			path = Controllers;
			sourceTree = "<group>";
		};
		91F824EB281E351D0068A157 /* Model */ = {
			isa = PBXGroup;
			children = (
				91F824EC281E351D0068A157 /* HistoricalDataModel.swift */,
				91F824ED281E351D0068A157 /* CurrencyModel.swift */,
			);
			path = Model;
			sourceTree = "<group>";
		};
		91F824EE281E351D0068A157 /* ViewModel */ = {
			isa = PBXGroup;
			children = (
				91F824EF281E351D0068A157 /* ConvertCurrencyViewModel.swift */,
				91F824F0281E351D0068A157 /* CurrencyDetailsViewModel.swift */,
			);
			path = ViewModel;
			sourceTree = "<group>";
		};
		AD435B0DDD3FA0CAED5069C5 /* Pods */ = {
			isa = PBXGroup;
			children = (
				804AFAA92C3EE32547612E43 /* Pods-CurrencyConverterApp.debug.xcconfig */,
				3E4D2AD6B2CD0C0434455611 /* Pods-CurrencyConverterApp.release.xcconfig */,
				89B3363935B19A07B6633A2A /* Pods-CurrencyConverterApp-CurrencyConverterAppUITests.debug.xcconfig */,
				8A84BC64C4423070F5AC9B94 /* Pods-CurrencyConverterApp-CurrencyConverterAppUITests.release.xcconfig */,
				BEAB79651259606827E7881D /* Pods-CurrencyConverterAppTests.debug.xcconfig */,
				B2F1FB4E316F4CD023871ABD /* Pods-CurrencyConverterAppTests.release.xcconfig */,
			);
			path = Pods;
			sourceTree = "<group>";
		};
/* End PBXGroup section */

/* Begin PBXNativeTarget section */
		91E20EDF281D44D200401AAB /* CurrencyConverterApp */ = {
			isa = PBXNativeTarget;
			buildConfigurationList = 91E20F0A281D44D500401AAB /* Build configuration list for PBXNativeTarget "CurrencyConverterApp" */;
			buildPhases = (
				D5E06E5C82ECEFB179DD5B4B /* [CP] Check Pods Manifest.lock */,
				91E20EDC281D44D200401AAB /* Sources */,
				91E20EDD281D44D200401AAB /* Frameworks */,
				91E20EDE281D44D200401AAB /* Resources */,
				F2DC3C758FA90F21F5B6A993 /* [CP] Embed Pods Frameworks */,
			);
			buildRules = (
			);
			dependencies = (
			);
			name = CurrencyConverterApp;
			productName = CurrencyConverterApp;
			productReference = 91E20EE0281D44D200401AAB /* CurrencyConverterApp.app */;
			productType = "com.apple.product-type.application";
		};
		91E20EF5281D44D500401AAB /* CurrencyConverterAppTests */ = {
			isa = PBXNativeTarget;
			buildConfigurationList = 91E20F0D281D44D500401AAB /* Build configuration list for PBXNativeTarget "CurrencyConverterAppTests" */;
			buildPhases = (
				DFDC00E84375798841FB5C1C /* [CP] Check Pods Manifest.lock */,
				91E20EF2281D44D500401AAB /* Sources */,
				91E20EF3281D44D500401AAB /* Frameworks */,
				91E20EF4281D44D500401AAB /* Resources */,
			);
			buildRules = (
			);
			dependencies = (
				91E20EF8281D44D500401AAB /* PBXTargetDependency */,
			);
			name = CurrencyConverterAppTests;
			productName = CurrencyConverterAppTests;
			productReference = 91E20EF6281D44D500401AAB /* CurrencyConverterAppTests.xctest */;
			productType = "com.apple.product-type.bundle.unit-test";
		};
		91E20EFF281D44D500401AAB /* CurrencyConverterAppUITests */ = {
			isa = PBXNativeTarget;
			buildConfigurationList = 91E20F10281D44D500401AAB /* Build configuration list for PBXNativeTarget "CurrencyConverterAppUITests" */;
			buildPhases = (
				1414C07729FBBD550A99EE95 /* [CP] Check Pods Manifest.lock */,
				91E20EFC281D44D500401AAB /* Sources */,
				91E20EFD281D44D500401AAB /* Frameworks */,
				91E20EFE281D44D500401AAB /* Resources */,
				A3208E276198E96C35B091D8 /* [CP] Embed Pods Frameworks */,
			);
			buildRules = (
			);
			dependencies = (
				91E20F02281D44D500401AAB /* PBXTargetDependency */,
			);
			name = CurrencyConverterAppUITests;
			productName = CurrencyConverterAppUITests;
			productReference = 91E20F00281D44D500401AAB /* CurrencyConverterAppUITests.xctest */;
			productType = "com.apple.product-type.bundle.ui-testing";
		};
/* End PBXNativeTarget section */

/* Begin PBXProject section */
		91E20ED8281D44D200401AAB /* Project object */ = {
			isa = PBXProject;
			attributes = {
				BuildIndependentTargetsInParallel = 1;
				LastSwiftUpdateCheck = 1300;
				LastUpgradeCheck = 1300;
				TargetAttributes = {
					91E20EDF281D44D200401AAB = {
						CreatedOnToolsVersion = 13.0;
					};
					91E20EF5281D44D500401AAB = {
						CreatedOnToolsVersion = 13.0;
						TestTargetID = 91E20EDF281D44D200401AAB;
					};
					91E20EFF281D44D500401AAB = {
						CreatedOnToolsVersion = 13.0;
						TestTargetID = 91E20EDF281D44D200401AAB;
					};
				};
			};
			buildConfigurationList = 91E20EDB281D44D200401AAB /* Build configuration list for PBXProject "CurrencyConverterApp" */;
			compatibilityVersion = "Xcode 13.0";
			developmentRegion = en;
			hasScannedForEncodings = 0;
			knownRegions = (
				en,
				Base,
			);
			mainGroup = 91E20ED7281D44D200401AAB;
			productRefGroup = 91E20EE1281D44D200401AAB /* Products */;
			projectDirPath = "";
			projectRoot = "";
			targets = (
				91E20EDF281D44D200401AAB /* CurrencyConverterApp */,
				91E20EF5281D44D500401AAB /* CurrencyConverterAppTests */,
				91E20EFF281D44D500401AAB /* CurrencyConverterAppUITests */,
			);
		};
/* End PBXProject section */

/* Begin PBXResourcesBuildPhase section */
		91E20EDE281D44D200401AAB /* Resources */ = {
			isa = PBXResourcesBuildPhase;
			buildActionMask = 2147483647;
			files = (
				91E20EF0281D44D500401AAB /* LaunchScreen.storyboard in Resources */,
				91F824DD281E34970068A157 /* OtherCurrencyDataTableViewCell.xib in Resources */,
				91E20EED281D44D500401AAB /* Assets.xcassets in Resources */,
				91F824F7281E35AF0068A157 /* Localizable.strings in Resources */,
				91F824DE281E34970068A157 /* HistoricalDataTableViewCell.xib in Resources */,
				91E20EEB281D44D200401AAB /* Main.storyboard in Resources */,
				91F824E0281E34970068A157 /* ProgressLoading.xib in Resources */,
			);
			runOnlyForDeploymentPostprocessing = 0;
		};
		91E20EF4281D44D500401AAB /* Resources */ = {
			isa = PBXResourcesBuildPhase;
			buildActionMask = 2147483647;
			files = (
			);
			runOnlyForDeploymentPostprocessing = 0;
		};
		91E20EFE281D44D500401AAB /* Resources */ = {
			isa = PBXResourcesBuildPhase;
			buildActionMask = 2147483647;
			files = (
			);
			runOnlyForDeploymentPostprocessing = 0;
		};
/* End PBXResourcesBuildPhase section */

/* Begin PBXShellScriptBuildPhase section */
		1414C07729FBBD550A99EE95 /* [CP] Check Pods Manifest.lock */ = {
			isa = PBXShellScriptBuildPhase;
			buildActionMask = 2147483647;
			files = (
			);
			inputFileListPaths = (
			);
			inputPaths = (
				"${PODS_PODFILE_DIR_PATH}/Podfile.lock",
				"${PODS_ROOT}/Manifest.lock",
			);
			name = "[CP] Check Pods Manifest.lock";
			outputFileListPaths = (
			);
			outputPaths = (
				"$(DERIVED_FILE_DIR)/Pods-CurrencyConverterApp-CurrencyConverterAppUITests-checkManifestLockResult.txt",
			);
			runOnlyForDeploymentPostprocessing = 0;
			shellPath = /bin/sh;
			shellScript = "diff \"${PODS_PODFILE_DIR_PATH}/Podfile.lock\" \"${PODS_ROOT}/Manifest.lock\" > /dev/null\nif [ $? != 0 ] ; then\n    # print error to STDERR\n    echo \"error: The sandbox is not in sync with the Podfile.lock. Run 'pod install' or update your CocoaPods installation.\" >&2\n    exit 1\nfi\n# This output is used by Xcode 'outputs' to avoid re-running this script phase.\necho \"SUCCESS\" > \"${SCRIPT_OUTPUT_FILE_0}\"\n";
			showEnvVarsInLog = 0;
		};
		A3208E276198E96C35B091D8 /* [CP] Embed Pods Frameworks */ = {
			isa = PBXShellScriptBuildPhase;
			buildActionMask = 2147483647;
			files = (
			);
			inputFileListPaths = (
				"${PODS_ROOT}/Target Support Files/Pods-CurrencyConverterApp-CurrencyConverterAppUITests/Pods-CurrencyConverterApp-CurrencyConverterAppUITests-frameworks-${CONFIGURATION}-input-files.xcfilelist",
			);
			name = "[CP] Embed Pods Frameworks";
			outputFileListPaths = (
				"${PODS_ROOT}/Target Support Files/Pods-CurrencyConverterApp-CurrencyConverterAppUITests/Pods-CurrencyConverterApp-CurrencyConverterAppUITests-frameworks-${CONFIGURATION}-output-files.xcfilelist",
			);
			runOnlyForDeploymentPostprocessing = 0;
			shellPath = /bin/sh;
			shellScript = "\"${PODS_ROOT}/Target Support Files/Pods-CurrencyConverterApp-CurrencyConverterAppUITests/Pods-CurrencyConverterApp-CurrencyConverterAppUITests-frameworks.sh\"\n";
			showEnvVarsInLog = 0;
		};
		D5E06E5C82ECEFB179DD5B4B /* [CP] Check Pods Manifest.lock */ = {
			isa = PBXShellScriptBuildPhase;
			buildActionMask = 2147483647;
			files = (
			);
			inputFileListPaths = (
			);
			inputPaths = (
				"${PODS_PODFILE_DIR_PATH}/Podfile.lock",
				"${PODS_ROOT}/Manifest.lock",
			);
			name = "[CP] Check Pods Manifest.lock";
			outputFileListPaths = (
			);
			outputPaths = (
				"$(DERIVED_FILE_DIR)/Pods-CurrencyConverterApp-checkManifestLockResult.txt",
			);
			runOnlyForDeploymentPostprocessing = 0;
			shellPath = /bin/sh;
			shellScript = "diff \"${PODS_PODFILE_DIR_PATH}/Podfile.lock\" \"${PODS_ROOT}/Manifest.lock\" > /dev/null\nif [ $? != 0 ] ; then\n    # print error to STDERR\n    echo \"error: The sandbox is not in sync with the Podfile.lock. Run 'pod install' or update your CocoaPods installation.\" >&2\n    exit 1\nfi\n# This output is used by Xcode 'outputs' to avoid re-running this script phase.\necho \"SUCCESS\" > \"${SCRIPT_OUTPUT_FILE_0}\"\n";
			showEnvVarsInLog = 0;
		};
		DFDC00E84375798841FB5C1C /* [CP] Check Pods Manifest.lock */ = {
			isa = PBXShellScriptBuildPhase;
			buildActionMask = 2147483647;
			files = (
			);
			inputFileListPaths = (
			);
			inputPaths = (
				"${PODS_PODFILE_DIR_PATH}/Podfile.lock",
				"${PODS_ROOT}/Manifest.lock",
			);
			name = "[CP] Check Pods Manifest.lock";
			outputFileListPaths = (
			);
			outputPaths = (
				"$(DERIVED_FILE_DIR)/Pods-CurrencyConverterAppTests-checkManifestLockResult.txt",
			);
			runOnlyForDeploymentPostprocessing = 0;
			shellPath = /bin/sh;
			shellScript = "diff \"${PODS_PODFILE_DIR_PATH}/Podfile.lock\" \"${PODS_ROOT}/Manifest.lock\" > /dev/null\nif [ $? != 0 ] ; then\n    # print error to STDERR\n    echo \"error: The sandbox is not in sync with the Podfile.lock. Run 'pod install' or update your CocoaPods installation.\" >&2\n    exit 1\nfi\n# This output is used by Xcode 'outputs' to avoid re-running this script phase.\necho \"SUCCESS\" > \"${SCRIPT_OUTPUT_FILE_0}\"\n";
			showEnvVarsInLog = 0;
		};
		F2DC3C758FA90F21F5B6A993 /* [CP] Embed Pods Frameworks */ = {
			isa = PBXShellScriptBuildPhase;
			buildActionMask = 2147483647;
			files = (
			);
			inputFileListPaths = (
				"${PODS_ROOT}/Target Support Files/Pods-CurrencyConverterApp/Pods-CurrencyConverterApp-frameworks-${CONFIGURATION}-input-files.xcfilelist",
			);
			name = "[CP] Embed Pods Frameworks";
			outputFileListPaths = (
				"${PODS_ROOT}/Target Support Files/Pods-CurrencyConverterApp/Pods-CurrencyConverterApp-frameworks-${CONFIGURATION}-output-files.xcfilelist",
			);
			runOnlyForDeploymentPostprocessing = 0;
			shellPath = /bin/sh;
			shellScript = "\"${PODS_ROOT}/Target Support Files/Pods-CurrencyConverterApp/Pods-CurrencyConverterApp-frameworks.sh\"\n";
			showEnvVarsInLog = 0;
		};
/* End PBXShellScriptBuildPhase section */

/* Begin PBXSourcesBuildPhase section */
		91E20EDC281D44D200401AAB /* Sources */ = {
			isa = PBXSourcesBuildPhase;
			buildActionMask = 2147483647;
			files = (
				91F824E8281E34DA0068A157 /* CurrencyDataTableViewController.swift in Sources */,
				91D647BC281F84AC0019700A /* Constants.swift in Sources */,
				91F824DC281E34970068A157 /* OtherCurrencyDataTableViewCell.swift in Sources */,
				91F824DF281E34970068A157 /* HistoricalDataTableViewCell.swift in Sources */,
				91E20F20281D4D6000401AAB /* NetworkManger.swift in Sources */,
				91F824E9281E34DA0068A157 /* ConvertCurrencyViewController.swift in Sources */,
				91E20EE8281D44D200401AAB /* ViewController.swift in Sources */,
				91F824E2281E34970068A157 /* ProgressLoadingViewable.swift in Sources */,
				91E20F1E281D4D2E00401AAB /* BaseViewController.swift in Sources */,
				91F824F3281E351D0068A157 /* ConvertCurrencyViewModel.swift in Sources */,
				91F824EA281E34DA0068A157 /* CurrencyDetailsViewController.swift in Sources */,
				91F824E3281E34970068A157 /* ProgressLoadingView.swift in Sources */,
				91F824F2281E351D0068A157 /* CurrencyModel.swift in Sources */,
				91E20EE4281D44D200401AAB /* AppDelegate.swift in Sources */,
				91F824E1281E34970068A157 /* AnimatedLoadingView.swift in Sources */,
				91F824F4281E351D0068A157 /* CurrencyDetailsViewModel.swift in Sources */,
				91E20EE6281D44D200401AAB /* SceneDelegate.swift in Sources */,
				91F824F1281E351D0068A157 /* HistoricalDataModel.swift in Sources */,
				91F824DB281E34970068A157 /* PickerTextField.swift in Sources */,
			);
			runOnlyForDeploymentPostprocessing = 0;
		};
		91E20EF2281D44D500401AAB /* Sources */ = {
			isa = PBXSourcesBuildPhase;
			buildActionMask = 2147483647;
			files = (
				91E20EFB281D44D500401AAB /* CurrencyConverterAppTests.swift in Sources */,
			);
			runOnlyForDeploymentPostprocessing = 0;
		};
		91E20EFC281D44D500401AAB /* Sources */ = {
			isa = PBXSourcesBuildPhase;
			buildActionMask = 2147483647;
			files = (
				91E20F07281D44D500401AAB /* CurrencyConverterAppUITestsLaunchTests.swift in Sources */,
				91E20F05281D44D500401AAB /* CurrencyConverterAppUITests.swift in Sources */,
			);
			runOnlyForDeploymentPostprocessing = 0;
		};
/* End PBXSourcesBuildPhase section */

/* Begin PBXTargetDependency section */
		91E20EF8281D44D500401AAB /* PBXTargetDependency */ = {
			isa = PBXTargetDependency;
			target = 91E20EDF281D44D200401AAB /* CurrencyConverterApp */;
			targetProxy = 91E20EF7281D44D500401AAB /* PBXContainerItemProxy */;
		};
		91E20F02281D44D500401AAB /* PBXTargetDependency */ = {
			isa = PBXTargetDependency;
			target = 91E20EDF281D44D200401AAB /* CurrencyConverterApp */;
			targetProxy = 91E20F01281D44D500401AAB /* PBXContainerItemProxy */;
		};
/* End PBXTargetDependency section */

/* Begin PBXVariantGroup section */
		91E20EE9281D44D200401AAB /* Main.storyboard */ = {
			isa = PBXVariantGroup;
			children = (
				91E20EEA281D44D200401AAB /* Base */,
			);
			name = Main.storyboard;
			sourceTree = "<group>";
		};
		91E20EEE281D44D500401AAB /* LaunchScreen.storyboard */ = {
			isa = PBXVariantGroup;
			children = (
				91E20EEF281D44D500401AAB /* Base */,
			);
			name = LaunchScreen.storyboard;
			sourceTree = "<group>";
		};
		91F824F9281E35AF0068A157 /* Localizable.strings */ = {
			isa = PBXVariantGroup;
			children = (
				91F824F8281E35AF0068A157 /* en */,
			);
			name = Localizable.strings;
			sourceTree = "<group>";
		};
/* End PBXVariantGroup section */

/* Begin XCBuildConfiguration section */
		91E20F08281D44D500401AAB /* Debug */ = {
			isa = XCBuildConfiguration;
			baseConfigurationReference = 91E20F21281D4DE200401AAB /* Environment.xcconfig */;
			buildSettings = {
				ALWAYS_SEARCH_USER_PATHS = NO;
				CLANG_ANALYZER_NONNULL = YES;
				CLANG_ANALYZER_NUMBER_OBJECT_CONVERSION = YES_AGGRESSIVE;
				CLANG_CXX_LANGUAGE_STANDARD = "gnu++17";
				CLANG_CXX_LIBRARY = "libc++";
				CLANG_ENABLE_MODULES = YES;
				CLANG_ENABLE_OBJC_ARC = YES;
				CLANG_ENABLE_OBJC_WEAK = YES;
				CLANG_WARN_BLOCK_CAPTURE_AUTORELEASING = YES;
				CLANG_WARN_BOOL_CONVERSION = YES;
				CLANG_WARN_COMMA = YES;
				CLANG_WARN_CONSTANT_CONVERSION = YES;
				CLANG_WARN_DEPRECATED_OBJC_IMPLEMENTATIONS = YES;
				CLANG_WARN_DIRECT_OBJC_ISA_USAGE = YES_ERROR;
				CLANG_WARN_DOCUMENTATION_COMMENTS = YES;
				CLANG_WARN_EMPTY_BODY = YES;
				CLANG_WARN_ENUM_CONVERSION = YES;
				CLANG_WARN_INFINITE_RECURSION = YES;
				CLANG_WARN_INT_CONVERSION = YES;
				CLANG_WARN_NON_LITERAL_NULL_CONVERSION = YES;
				CLANG_WARN_OBJC_IMPLICIT_RETAIN_SELF = YES;
				CLANG_WARN_OBJC_LITERAL_CONVERSION = YES;
				CLANG_WARN_OBJC_ROOT_CLASS = YES_ERROR;
				CLANG_WARN_QUOTED_INCLUDE_IN_FRAMEWORK_HEADER = YES;
				CLANG_WARN_RANGE_LOOP_ANALYSIS = YES;
				CLANG_WARN_STRICT_PROTOTYPES = YES;
				CLANG_WARN_SUSPICIOUS_MOVE = YES;
				CLANG_WARN_UNGUARDED_AVAILABILITY = YES_AGGRESSIVE;
				CLANG_WARN_UNREACHABLE_CODE = YES;
				CLANG_WARN__DUPLICATE_METHOD_MATCH = YES;
				COPY_PHASE_STRIP = NO;
				DEBUG_INFORMATION_FORMAT = dwarf;
				ENABLE_STRICT_OBJC_MSGSEND = YES;
				ENABLE_TESTABILITY = YES;
				GCC_C_LANGUAGE_STANDARD = gnu11;
				GCC_DYNAMIC_NO_PIC = NO;
				GCC_NO_COMMON_BLOCKS = YES;
				GCC_OPTIMIZATION_LEVEL = 0;
				GCC_PREPROCESSOR_DEFINITIONS = (
					"DEBUG=1",
					"$(inherited)",
				);
				GCC_WARN_64_TO_32_BIT_CONVERSION = YES;
				GCC_WARN_ABOUT_RETURN_TYPE = YES_ERROR;
				GCC_WARN_UNDECLARED_SELECTOR = YES;
				GCC_WARN_UNINITIALIZED_AUTOS = YES_AGGRESSIVE;
				GCC_WARN_UNUSED_FUNCTION = YES;
				GCC_WARN_UNUSED_VARIABLE = YES;
				IPHONEOS_DEPLOYMENT_TARGET = 15.0;
				MTL_ENABLE_DEBUG_INFO = INCLUDE_SOURCE;
				MTL_FAST_MATH = YES;
				ONLY_ACTIVE_ARCH = YES;
				SDKROOT = iphoneos;
				SWIFT_ACTIVE_COMPILATION_CONDITIONS = DEBUG;
				SWIFT_OPTIMIZATION_LEVEL = "-Onone";
			};
			name = Debug;
		};
		91E20F09281D44D500401AAB /* Release */ = {
			isa = XCBuildConfiguration;
			baseConfigurationReference = 91E20F21281D4DE200401AAB /* Environment.xcconfig */;
			buildSettings = {
				ALWAYS_SEARCH_USER_PATHS = NO;
				CLANG_ANALYZER_NONNULL = YES;
				CLANG_ANALYZER_NUMBER_OBJECT_CONVERSION = YES_AGGRESSIVE;
				CLANG_CXX_LANGUAGE_STANDARD = "gnu++17";
				CLANG_CXX_LIBRARY = "libc++";
				CLANG_ENABLE_MODULES = YES;
				CLANG_ENABLE_OBJC_ARC = YES;
				CLANG_ENABLE_OBJC_WEAK = YES;
				CLANG_WARN_BLOCK_CAPTURE_AUTORELEASING = YES;
				CLANG_WARN_BOOL_CONVERSION = YES;
				CLANG_WARN_COMMA = YES;
				CLANG_WARN_CONSTANT_CONVERSION = YES;
				CLANG_WARN_DEPRECATED_OBJC_IMPLEMENTATIONS = YES;
				CLANG_WARN_DIRECT_OBJC_ISA_USAGE = YES_ERROR;
				CLANG_WARN_DOCUMENTATION_COMMENTS = YES;
				CLANG_WARN_EMPTY_BODY = YES;
				CLANG_WARN_ENUM_CONVERSION = YES;
				CLANG_WARN_INFINITE_RECURSION = YES;
				CLANG_WARN_INT_CONVERSION = YES;
				CLANG_WARN_NON_LITERAL_NULL_CONVERSION = YES;
				CLANG_WARN_OBJC_IMPLICIT_RETAIN_SELF = YES;
				CLANG_WARN_OBJC_LITERAL_CONVERSION = YES;
				CLANG_WARN_OBJC_ROOT_CLASS = YES_ERROR;
				CLANG_WARN_QUOTED_INCLUDE_IN_FRAMEWORK_HEADER = YES;
				CLANG_WARN_RANGE_LOOP_ANALYSIS = YES;
				CLANG_WARN_STRICT_PROTOTYPES = YES;
				CLANG_WARN_SUSPICIOUS_MOVE = YES;
				CLANG_WARN_UNGUARDED_AVAILABILITY = YES_AGGRESSIVE;
				CLANG_WARN_UNREACHABLE_CODE = YES;
				CLANG_WARN__DUPLICATE_METHOD_MATCH = YES;
				COPY_PHASE_STRIP = NO;
				DEBUG_INFORMATION_FORMAT = "dwarf-with-dsym";
				ENABLE_NS_ASSERTIONS = NO;
				ENABLE_STRICT_OBJC_MSGSEND = YES;
				GCC_C_LANGUAGE_STANDARD = gnu11;
				GCC_NO_COMMON_BLOCKS = YES;
				GCC_WARN_64_TO_32_BIT_CONVERSION = YES;
				GCC_WARN_ABOUT_RETURN_TYPE = YES_ERROR;
				GCC_WARN_UNDECLARED_SELECTOR = YES;
				GCC_WARN_UNINITIALIZED_AUTOS = YES_AGGRESSIVE;
				GCC_WARN_UNUSED_FUNCTION = YES;
				GCC_WARN_UNUSED_VARIABLE = YES;
				IPHONEOS_DEPLOYMENT_TARGET = 15.0;
				MTL_ENABLE_DEBUG_INFO = NO;
				MTL_FAST_MATH = YES;
				SDKROOT = iphoneos;
				SWIFT_COMPILATION_MODE = wholemodule;
				SWIFT_OPTIMIZATION_LEVEL = "-O";
				VALIDATE_PRODUCT = YES;
			};
			name = Release;
		};
		91E20F0B281D44D500401AAB /* Debug */ = {
			isa = XCBuildConfiguration;
			baseConfigurationReference = 804AFAA92C3EE32547612E43 /* Pods-CurrencyConverterApp.debug.xcconfig */;
			buildSettings = {
				ASSETCATALOG_COMPILER_APPICON_NAME = AppIcon;
				ASSETCATALOG_COMPILER_GLOBAL_ACCENT_COLOR_NAME = AccentColor;
				CODE_SIGN_STYLE = Automatic;
				CURRENT_PROJECT_VERSION = 1;
				GENERATE_INFOPLIST_FILE = YES;
				INFOPLIST_FILE = CurrencyConverterApp/Info.plist;
				INFOPLIST_KEY_UIApplicationSupportsIndirectInputEvents = YES;
				INFOPLIST_KEY_UILaunchStoryboardName = LaunchScreen;
				INFOPLIST_KEY_UIMainStoryboardFile = Main;
				INFOPLIST_KEY_UISupportedInterfaceOrientations_iPad = "UIInterfaceOrientationPortrait UIInterfaceOrientationPortraitUpsideDown UIInterfaceOrientationLandscapeLeft UIInterfaceOrientationLandscapeRight";
				INFOPLIST_KEY_UISupportedInterfaceOrientations_iPhone = "UIInterfaceOrientationPortrait UIInterfaceOrientationLandscapeLeft UIInterfaceOrientationLandscapeRight";
				LD_RUNPATH_SEARCH_PATHS = (
					"$(inherited)",
					"@executable_path/Frameworks",
				);
				MARKETING_VERSION = 1.0;
				PRODUCT_BUNDLE_IDENTIFIER = com.nikhilgupta.CurrencyConverterApp;
				PRODUCT_NAME = "$(TARGET_NAME)";
				SWIFT_EMIT_LOC_STRINGS = YES;
				SWIFT_VERSION = 5.0;
				TARGETED_DEVICE_FAMILY = "1,2";
			};
			name = Debug;
		};
		91E20F0C281D44D500401AAB /* Release */ = {
			isa = XCBuildConfiguration;
			baseConfigurationReference = 3E4D2AD6B2CD0C0434455611 /* Pods-CurrencyConverterApp.release.xcconfig */;
			buildSettings = {
				ASSETCATALOG_COMPILER_APPICON_NAME = AppIcon;
				ASSETCATALOG_COMPILER_GLOBAL_ACCENT_COLOR_NAME = AccentColor;
				CODE_SIGN_STYLE = Automatic;
				CURRENT_PROJECT_VERSION = 1;
				GENERATE_INFOPLIST_FILE = YES;
				INFOPLIST_FILE = CurrencyConverterApp/Info.plist;
				INFOPLIST_KEY_UIApplicationSupportsIndirectInputEvents = YES;
				INFOPLIST_KEY_UILaunchStoryboardName = LaunchScreen;
				INFOPLIST_KEY_UIMainStoryboardFile = Main;
				INFOPLIST_KEY_UISupportedInterfaceOrientations_iPad = "UIInterfaceOrientationPortrait UIInterfaceOrientationPortraitUpsideDown UIInterfaceOrientationLandscapeLeft UIInterfaceOrientationLandscapeRight";
				INFOPLIST_KEY_UISupportedInterfaceOrientations_iPhone = "UIInterfaceOrientationPortrait UIInterfaceOrientationLandscapeLeft UIInterfaceOrientationLandscapeRight";
				LD_RUNPATH_SEARCH_PATHS = (
					"$(inherited)",
					"@executable_path/Frameworks",
				);
				MARKETING_VERSION = 1.0;
				PRODUCT_BUNDLE_IDENTIFIER = com.nikhilgupta.CurrencyConverterApp;
				PRODUCT_NAME = "$(TARGET_NAME)";
				SWIFT_EMIT_LOC_STRINGS = YES;
				SWIFT_VERSION = 5.0;
				TARGETED_DEVICE_FAMILY = "1,2";
			};
			name = Release;
		};
		91E20F0E281D44D500401AAB /* Debug */ = {
			isa = XCBuildConfiguration;
			baseConfigurationReference = BEAB79651259606827E7881D /* Pods-CurrencyConverterAppTests.debug.xcconfig */;
			buildSettings = {
				ALWAYS_EMBED_SWIFT_STANDARD_LIBRARIES = YES;
				BUNDLE_LOADER = "$(TEST_HOST)";
				CODE_SIGN_STYLE = Automatic;
				CURRENT_PROJECT_VERSION = 1;
				GENERATE_INFOPLIST_FILE = YES;
				IPHONEOS_DEPLOYMENT_TARGET = 15.0;
				LD_RUNPATH_SEARCH_PATHS = (
					"$(inherited)",
					"@executable_path/Frameworks",
					"@loader_path/Frameworks",
				);
				MARKETING_VERSION = 1.0;
				PRODUCT_BUNDLE_IDENTIFIER = com.nikhilgupta.CurrencyConverterAppTests;
				PRODUCT_NAME = "$(TARGET_NAME)";
				SWIFT_EMIT_LOC_STRINGS = NO;
				SWIFT_VERSION = 5.0;
				TARGETED_DEVICE_FAMILY = "1,2";
				TEST_HOST = "$(BUILT_PRODUCTS_DIR)/CurrencyConverterApp.app/CurrencyConverterApp";
			};
			name = Debug;
		};
		91E20F0F281D44D500401AAB /* Release */ = {
			isa = XCBuildConfiguration;
			baseConfigurationReference = B2F1FB4E316F4CD023871ABD /* Pods-CurrencyConverterAppTests.release.xcconfig */;
			buildSettings = {
				ALWAYS_EMBED_SWIFT_STANDARD_LIBRARIES = YES;
				BUNDLE_LOADER = "$(TEST_HOST)";
				CODE_SIGN_STYLE = Automatic;
				CURRENT_PROJECT_VERSION = 1;
				GENERATE_INFOPLIST_FILE = YES;
				IPHONEOS_DEPLOYMENT_TARGET = 15.0;
				LD_RUNPATH_SEARCH_PATHS = (
					"$(inherited)",
					"@executable_path/Frameworks",
					"@loader_path/Frameworks",
				);
				MARKETING_VERSION = 1.0;
				PRODUCT_BUNDLE_IDENTIFIER = com.nikhilgupta.CurrencyConverterAppTests;
				PRODUCT_NAME = "$(TARGET_NAME)";
				SWIFT_EMIT_LOC_STRINGS = NO;
				SWIFT_VERSION = 5.0;
				TARGETED_DEVICE_FAMILY = "1,2";
				TEST_HOST = "$(BUILT_PRODUCTS_DIR)/CurrencyConverterApp.app/CurrencyConverterApp";
			};
			name = Release;
		};
		91E20F11281D44D500401AAB /* Debug */ = {
			isa = XCBuildConfiguration;
			baseConfigurationReference = 89B3363935B19A07B6633A2A /* Pods-CurrencyConverterApp-CurrencyConverterAppUITests.debug.xcconfig */;
			buildSettings = {
				ALWAYS_EMBED_SWIFT_STANDARD_LIBRARIES = YES;
				CODE_SIGN_STYLE = Automatic;
				CURRENT_PROJECT_VERSION = 1;
				GENERATE_INFOPLIST_FILE = YES;
				LD_RUNPATH_SEARCH_PATHS = (
					"$(inherited)",
					"@executable_path/Frameworks",
					"@loader_path/Frameworks",
				);
				MARKETING_VERSION = 1.0;
				PRODUCT_BUNDLE_IDENTIFIER = com.nikhilgupta.CurrencyConverterAppUITests;
				PRODUCT_NAME = "$(TARGET_NAME)";
				SWIFT_EMIT_LOC_STRINGS = NO;
				SWIFT_VERSION = 5.0;
				TARGETED_DEVICE_FAMILY = "1,2";
				TEST_TARGET_NAME = CurrencyConverterApp;
			};
			name = Debug;
		};
		91E20F12281D44D500401AAB /* Release */ = {
			isa = XCBuildConfiguration;
			baseConfigurationReference = 8A84BC64C4423070F5AC9B94 /* Pods-CurrencyConverterApp-CurrencyConverterAppUITests.release.xcconfig */;
			buildSettings = {
				ALWAYS_EMBED_SWIFT_STANDARD_LIBRARIES = YES;
				CODE_SIGN_STYLE = Automatic;
				CURRENT_PROJECT_VERSION = 1;
				GENERATE_INFOPLIST_FILE = YES;
				LD_RUNPATH_SEARCH_PATHS = (
					"$(inherited)",
					"@executable_path/Frameworks",
					"@loader_path/Frameworks",
				);
				MARKETING_VERSION = 1.0;
				PRODUCT_BUNDLE_IDENTIFIER = com.nikhilgupta.CurrencyConverterAppUITests;
				PRODUCT_NAME = "$(TARGET_NAME)";
				SWIFT_EMIT_LOC_STRINGS = NO;
				SWIFT_VERSION = 5.0;
				TARGETED_DEVICE_FAMILY = "1,2";
				TEST_TARGET_NAME = CurrencyConverterApp;
			};
			name = Release;
		};
/* End XCBuildConfiguration section */

/* Begin XCConfigurationList section */
		91E20EDB281D44D200401AAB /* Build configuration list for PBXProject "CurrencyConverterApp" */ = {
			isa = XCConfigurationList;
			buildConfigurations = (
				91E20F08281D44D500401AAB /* Debug */,
				91E20F09281D44D500401AAB /* Release */,
			);
			defaultConfigurationIsVisible = 0;
			defaultConfigurationName = Release;
		};
		91E20F0A281D44D500401AAB /* Build configuration list for PBXNativeTarget "CurrencyConverterApp" */ = {
			isa = XCConfigurationList;
			buildConfigurations = (
				91E20F0B281D44D500401AAB /* Debug */,
				91E20F0C281D44D500401AAB /* Release */,
			);
			defaultConfigurationIsVisible = 0;
			defaultConfigurationName = Release;
		};
		91E20F0D281D44D500401AAB /* Build configuration list for PBXNativeTarget "CurrencyConverterAppTests" */ = {
			isa = XCConfigurationList;
			buildConfigurations = (
				91E20F0E281D44D500401AAB /* Debug */,
				91E20F0F281D44D500401AAB /* Release */,
			);
			defaultConfigurationIsVisible = 0;
			defaultConfigurationName = Release;
		};
		91E20F10281D44D500401AAB /* Build configuration list for PBXNativeTarget "CurrencyConverterAppUITests" */ = {
			isa = XCConfigurationList;
			buildConfigurations = (
				91E20F11281D44D500401AAB /* Debug */,
				91E20F12281D44D500401AAB /* Release */,
			);
			defaultConfigurationIsVisible = 0;
			defaultConfigurationName = Release;
		};
/* End XCConfigurationList section */
	};
	rootObject = 91E20ED8281D44D200401AAB /* Project object */;
}
